
Microsoft Visual Studio Solution File, Format Version 12.00
# Visual Studio Version 17
VisualStudioVersion = 17.7.34024.191
MinimumVisualStudioVersion = 10.0.40219.1
Project("{FAE04EC0-301F-11D3-BF4B-00C04F79EFBC}") = "n09310024", "n09310024\n09310024.csproj", "{D4BA80DA-A068-4358-86DB-20C311389732}"
EndProject
Global
	GlobalSection(SolutionConfigurationPlatforms) = preSolution
		Debug|Any CPU = Debug|Any CPU
		Release|Any CPU = Release|Any CPU
	EndGlobalSection
	GlobalSection(ProjectConfigurationPlatforms) = postSolution
		{D4BA80DA-A068-4358-86DB-20C311389732}.Debug|Any CPU.ActiveCfg = Debug|Any CPU
		{D4BA80DA-A068-4358-86DB-20C311389732}.Debug|Any CPU.Build.0 = Debug|Any CPU
		{D4BA80DA-A068-4358-86DB-20C311389732}.Release|Any CPU.ActiveCfg = Release|Any CPU
		{D4BA80DA-A068-4358-86DB-20C311389732}.Release|Any CPU.Build.0 = Release|Any CPU
	EndGlobalSection
	GlobalSection(SolutionProperties) = preSolution
		HideSolutionNode = FALSE
	EndGlobalSection
	GlobalSection(ExtensibilityGlobals) = postSolution
		SolutionGuid = {223F1B17-D3AD-494A-8CE6-312EF23EE318}
	EndGlobalSection
EndGlobal
